// !$*UTF8*$!
{
	archiveVersion = 1;
	classes = {
	};
	objectVersion = 50;
	objects = {

/* Begin PBXBuildFile section */
		67E03D81263FF4A300A0C306 /* UI_173App.swift in Sources */ = {isa = PBXBuildFile; fileRef = 67E03D80263FF4A300A0C306 /* UI_173App.swift */; };
		67E03D83263FF4A300A0C306 /* ContentView.swift in Sources */ = {isa = PBXBuildFile; fileRef = 67E03D82263FF4A300A0C306 /* ContentView.swift */; };
		67E03D85263FF4A500A0C306 /* Assets.xcassets in Resources */ = {isa = PBXBuildFile; fileRef = 67E03D84263FF4A500A0C306 /* Assets.xcassets */; };
		67E03D88263FF4A500A0C306 /* Preview Assets.xcassets in Resources */ = {isa = PBXBuildFile; fileRef = 67E03D87263FF4A500A0C306 /* Preview Assets.xcassets */; };
		67E03D94263FF52500A0C306 /* Week.swift in Sources */ = {isa = PBXBuildFile; fileRef = 67E03D93263FF52500A0C306 /* Week.swift */; };
		67E03D96263FF57800A0C306 /* Home.swift in Sources */ = {isa = PBXBuildFile; fileRef = 67E03D95263FF57800A0C306 /* Home.swift */; };
		67E03D98263FFBE500A0C306 /* CustomShape.swift in Sources */ = {isa = PBXBuildFile; fileRef = 67E03D97263FFBE500A0C306 /* CustomShape.swift */; };
/* End PBXBuildFile section */

/* Begin PBXFileReference section */
		67E03D7D263FF4A300A0C306 /* UI-173.app */ = {isa = PBXFileReference; explicitFileType = wrapper.application; includeInIndex = 0; path = "UI-173.app"; sourceTree = BUILT_PRODUCTS_DIR; };
		67E03D80263FF4A300A0C306 /* UI_173App.swift */ = {isa = PBXFileReference; lastKnownFileType = sourcecode.swift; path = UI_173App.swift; sourceTree = "<group>"; };
		67E03D82263FF4A300A0C306 /* ContentView.swift */ = {isa = PBXFileReference; lastKnownFileType = sourcecode.swift; path = ContentView.swift; sourceTree = "<group>"; };
		67E03D84263FF4A500A0C306 /* Assets.xcassets */ = {isa = PBXFileReference; lastKnownFileType = folder.assetcatalog; path = Assets.xcassets; sourceTree = "<group>"; };
		67E03D87263FF4A500A0C306 /* Preview Assets.xcassets */ = {isa = PBXFileReference; lastKnownFileType = folder.assetcatalog; path = "Preview Assets.xcassets"; sourceTree = "<group>"; };
		67E03D89263FF4A500A0C306 /* Info.plist */ = {isa = PBXFileReference; lastKnownFileType = text.plist.xml; path = Info.plist; sourceTree = "<group>"; };
		67E03D93263FF52500A0C306 /* Week.swift */ = {isa = PBXFileReference; lastKnownFileType = sourcecode.swift; path = Week.swift; sourceTree = "<group>"; };
		67E03D95263FF57800A0C306 /* Home.swift */ = {isa = PBXFileReference; lastKnownFileType = sourcecode.swift; path = Home.swift; sourceTree = "<group>"; };
		67E03D97263FFBE500A0C306 /* CustomShape.swift */ = {isa = PBXFileReference; lastKnownFileType = sourcecode.swift; path = CustomShape.swift; sourceTree = "<group>"; };
/* End PBXFileReference section */

/* Begin PBXFrameworksBuildPhase section */
		67E03D7A263FF4A300A0C306 /* Frameworks */ = {
			isa = PBXFrameworksBuildPhase;
			buildActionMask = 2147483647;
			files = (
			);
			runOnlyForDeploymentPostprocessing = 0;
		};
/* End PBXFrameworksBuildPhase section */

/* Begin PBXGroup section */
		67E03D74263FF4A300A0C306 = {
			isa = PBXGroup;
			children = (
				67E03D7F263FF4A300A0C306 /* UI-173 */,
				67E03D7E263FF4A300A0C306 /* Products */,
			);
			sourceTree = "<group>";
		};
		67E03D7E263FF4A300A0C306 /* Products */ = {
			isa = PBXGroup;
			children = (
				67E03D7D263FF4A300A0C306 /* UI-173.app */,
			);
			name = Products;
			sourceTree = "<group>";
		};
		67E03D7F263FF4A300A0C306 /* UI-173 */ = {
			isa = PBXGroup;
			children = (
				67E03D92263FF51600A0C306 /* View */,
				67E03D91263FF50F00A0C306 /* Model */,
				67E03D80263FF4A300A0C306 /* UI_173App.swift */,
				67E03D82263FF4A300A0C306 /* ContentView.swift */,
				67E03D84263FF4A500A0C306 /* Assets.xcassets */,
				67E03D89263FF4A500A0C306 /* Info.plist */,
				67E03D86263FF4A500A0C306 /* Preview Content */,
			);
			path = "UI-173";
			sourceTree = "<group>";
		};
		67E03D86263FF4A500A0C306 /* Preview Content */ = {
			isa = PBXGroup;
			children = (
				67E03D87263FF4A500A0C306 /* Preview Assets.xcassets */,
			);
			path = "Preview Content";
			sourceTree = "<group>";
		};
		67E03D91263FF50F00A0C306 /* Model */ = {
			isa = PBXGroup;
			children = (
				67E03D93263FF52500A0C306 /* Week.swift */,
			);
			path = Model;
			sourceTree = "<group>";
		};
		67E03D92263FF51600A0C306 /* View */ = {
			isa = PBXGroup;
			children = (
				67E03D95263FF57800A0C306 /* Home.swift */,
				67E03D97263FFBE500A0C306 /* CustomShape.swift */,
			);
			name = View;
			path = "New Group1";
			sourceTree = "<group>";
		};
/* End PBXGroup section */

/* Begin PBXNativeTarget section */
		67E03D7C263FF4A300A0C306 /* UI-173 */ = {
			isa = PBXNativeTarget;
			buildConfigurationList = 67E03D8C263FF4A500A0C306 /* Build configuration list for PBXNativeTarget "UI-173" */;
			buildPhases = (
				67E03D79263FF4A300A0C306 /* Sources */,
				67E03D7A263FF4A300A0C306 /* Frameworks */,
				67E03D7B263FF4A300A0C306 /* Resources */,
			);
			buildRules = (
			);
			dependencies = (
			);
			name = "UI-173";
			productName = "UI-173";
			productReference = 67E03D7D263FF4A300A0C306 /* UI-173.app */;
			productType = "com.apple.product-type.application";
		};
/* End PBXNativeTarget section */

/* Begin PBXProject section */
		67E03D75263FF4A300A0C306 /* Project object */ = {
			isa = PBXProject;
			attributes = {
				LastSwiftUpdateCheck = 1250;
				LastUpgradeCheck = 1250;
				TargetAttributes = {
					67E03D7C263FF4A300A0C306 = {
						CreatedOnToolsVersion = 12.5;
					};
				};
			};
			buildConfigurationList = 67E03D78263FF4A300A0C306 /* Build configuration list for PBXProject "UI-173" */;
			compatibilityVersion = "Xcode 9.3";
			developmentRegion = en;
			hasScannedForEncodings = 0;
			knownRegions = (
				en,
				Base,
			);
			mainGroup = 67E03D74263FF4A300A0C306;
			productRefGroup = 67E03D7E263FF4A300A0C306 /* Products */;
			projectDirPath = "";
			projectRoot = "";
			targets = (
				67E03D7C263FF4A300A0C306 /* UI-173 */,
			);
		};
/* End PBXProject section */

/* Begin PBXResourcesBuildPhase section */
		67E03D7B263FF4A300A0C306 /* Resources */ = {
			isa = PBXResourcesBuildPhase;
			buildActionMask = 2147483647;
			files = (
				67E03D88263FF4A500A0C306 /* Preview Assets.xcassets in Resources */,
				67E03D85263FF4A500A0C306 /* Assets.xcassets in Resources */,
			);
			runOnlyForDeploymentPostprocessing = 0;
		};
/* End PBXResourcesBuildPhase section */

/* Begin PBXSourcesBuildPhase section */
		67E03D79263FF4A300A0C306 /* Sources */ = {
			isa = PBXSourcesBuildPhase;
			buildActionMask = 2147483647;
			files = (
				67E03D98263FFBE500A0C306 /* CustomShape.swift in Sources */,
				67E03D83263FF4A300A0C306 /* ContentView.swift in Sources */,
				67E03D81263FF4A300A0C306 /* UI_173App.swift in Sources */,
				67E03D96263FF57800A0C306 /* Home.swift in Sources */,
				67E03D94263FF52500A0C306 /* Week.swift in Sources */,
			);
			runOnlyForDeploymentPostprocessing = 0;
		};
/* End PBXSourcesBuildPhase section */

/* Begin XCBuildConfiguration section */
		67E03D8A263FF4A500A0C306 /* Debug */ = {
			isa = XCBuildConfiguration;
			buildSettings = {
				ALWAYS_SEARCH_USER_PATHS = NO;
				CLANG_ANALYZER_NONNULL = YES;
				CLANG_ANALYZER_NUMBER_OBJECT_CONVERSION = YES_AGGRESSIVE;
				CLANG_CXX_LANGUAGE_STANDARD = "gnu++14";
				CLANG_CXX_LIBRARY = "libc++";
				CLANG_ENABLE_MODULES = YES;
				CLANG_ENABLE_OBJC_ARC = YES;
				CLANG_ENABLE_OBJC_WEAK = YES;
				CLANG_WARN_BLOCK_CAPTURE_AUTORELEASING = YES;
				CLANG_WARN_BOOL_CONVERSION = YES;
				CLANG_WARN_COMMA = YES;
				CLANG_WARN_CONSTANT_CONVERSION = YES;
				CLANG_WARN_DEPRECATED_OBJC_IMPLEMENTATIONS = YES;
				CLANG_WARN_DIRECT_OBJC_ISA_USAGE = YES_ERROR;
				CLANG_WARN_DOCUMENTATION_COMMENTS = YES;
				CLANG_WARN_EMPTY_BODY = YES;
				CLANG_WARN_ENUM_CONVERSION = YES;
				CLANG_WARN_INFINITE_RECURSION = YES;
				CLANG_WARN_INT_CONVERSION = YES;
				CLANG_WARN_NON_LITERAL_NULL_CONVERSION = YES;
				CLANG_WARN_OBJC_IMPLICIT_RETAIN_SELF = YES;
				CLANG_WARN_OBJC_LITERAL_CONVERSION = YES;
				CLANG_WARN_OBJC_ROOT_CLASS = YES_ERROR;
				CLANG_WARN_QUOTED_INCLUDE_IN_FRAMEWORK_HEADER = YES;
				CLANG_WARN_RANGE_LOOP_ANALYSIS = YES;
				CLANG_WARN_STRICT_PROTOTYPES = YES;
				CLANG_WARN_SUSPICIOUS_MOVE = YES;
				CLANG_WARN_UNGUARDED_AVAILABILITY = YES_AGGRESSIVE;
				CLANG_WARN_UNREACHABLE_CODE = YES;
				CLANG_WARN__DUPLICATE_METHOD_MATCH = YES;
				COPY_PHASE_STRIP = NO;
				DEBUG_INFORMATION_FORMAT = dwarf;
				ENABLE_STRICT_OBJC_MSGSEND = YES;
				ENABLE_TESTABILITY = YES;
				GCC_C_LANGUAGE_STANDARD = gnu11;
				GCC_DYNAMIC_NO_PIC = NO;
				GCC_NO_COMMON_BLOCKS = YES;
				GCC_OPTIMIZATION_LEVEL = 0;
				GCC_PREPROCESSOR_DEFINITIONS = (
					"DEBUG=1",
					"$(inherited)",
				);
				GCC_WARN_64_TO_32_BIT_CONVERSION = YES;
				GCC_WARN_ABOUT_RETURN_TYPE = YES_ERROR;
				GCC_WARN_UNDECLARED_SELECTOR = YES;
				GCC_WARN_UNINITIALIZED_AUTOS = YES_AGGRESSIVE;
				GCC_WARN_UNUSED_FUNCTION = YES;
				GCC_WARN_UNUSED_VARIABLE = YES;
				IPHONEOS_DEPLOYMENT_TARGET = 14.5;
				MTL_ENABLE_DEBUG_INFO = INCLUDE_SOURCE;
				MTL_FAST_MATH = YES;
				ONLY_ACTIVE_ARCH = YES;
				SDKROOT = iphoneos;
				SWIFT_ACTIVE_COMPILATION_CONDITIONS = DEBUG;
				SWIFT_OPTIMIZATION_LEVEL = "-Onone";
			};
			name = Debug;
		};
		67E03D8B263FF4A500A0C306 /* Release */ = {
			isa = XCBuildConfiguration;
			buildSettings = {
				ALWAYS_SEARCH_USER_PATHS = NO;
				CLANG_ANALYZER_NONNULL = YES;
				CLANG_ANALYZER_NUMBER_OBJECT_CONVERSION = YES_AGGRESSIVE;
				CLANG_CXX_LANGUAGE_STANDARD = "gnu++14";
				CLANG_CXX_LIBRARY = "libc++";
				CLANG_ENABLE_MODULES = YES;
				CLANG_ENABLE_OBJC_ARC = YES;
				CLANG_ENABLE_OBJC_WEAK = YES;
				CLANG_WARN_BLOCK_CAPTURE_AUTORELEASING = YES;
				CLANG_WARN_BOOL_CONVERSION = YES;
				CLANG_WARN_COMMA = YES;
				CLANG_WARN_CONSTANT_CONVERSION = YES;
				CLANG_WARN_DEPRECATED_OBJC_IMPLEMENTATIONS = YES;
				CLANG_WARN_DIRECT_OBJC_ISA_USAGE = YES_ERROR;
				CLANG_WARN_DOCUMENTATION_COMMENTS = YES;
				CLANG_WARN_EMPTY_BODY = YES;
				CLANG_WARN_ENUM_CONVERSION = YES;
				CLANG_WARN_INFINITE_RECURSION = YES;
				CLANG_WARN_INT_CONVERSION = YES;
				CLANG_WARN_NON_LITERAL_NULL_CONVERSION = YES;
				CLANG_WARN_OBJC_IMPLICIT_RETAIN_SELF = YES;
				CLANG_WARN_OBJC_LITERAL_CONVERSION = YES;
				CLANG_WARN_OBJC_ROOT_CLASS = YES_ERROR;
				CLANG_WARN_QUOTED_INCLUDE_IN_FRAMEWORK_HEADER = YES;
				CLANG_WARN_RANGE_LOOP_ANALYSIS = YES;
				CLANG_WARN_STRICT_PROTOTYPES = YES;
				CLANG_WARN_SUSPICIOUS_MOVE = YES;
				CLANG_WARN_UNGUARDED_AVAILABILITY = YES_AGGRESSIVE;
				CLANG_WARN_UNREACHABLE_CODE = YES;
				CLANG_WARN__DUPLICATE_METHOD_MATCH = YES;
				COPY_PHASE_STRIP = NO;
				DEBUG_INFORMATION_FORMAT = "dwarf-with-dsym";
				ENABLE_NS_ASSERTIONS = NO;
				ENABLE_STRICT_OBJC_MSGSEND = YES;
				GCC_C_LANGUAGE_STANDARD = gnu11;
				GCC_NO_COMMON_BLOCKS = YES;
				GCC_WARN_64_TO_32_BIT_CONVERSION = YES;
				GCC_WARN_ABOUT_RETURN_TYPE = YES_ERROR;
				GCC_WARN_UNDECLARED_SELECTOR = YES;
				GCC_WARN_UNINITIALIZED_AUTOS = YES_AGGRESSIVE;
				GCC_WARN_UNUSED_FUNCTION = YES;
				GCC_WARN_UNUSED_VARIABLE = YES;
				IPHONEOS_DEPLOYMENT_TARGET = 14.5;
				MTL_ENABLE_DEBUG_INFO = NO;
				MTL_FAST_MATH = YES;
				SDKROOT = iphoneos;
				SWIFT_COMPILATION_MODE = wholemodule;
				SWIFT_OPTIMIZATION_LEVEL = "-O";
				VALIDATE_PRODUCT = YES;
			};
			name = Release;
		};
		67E03D8D263FF4A500A0C306 /* Debug */ = {
			isa = XCBuildConfiguration;
			buildSettings = {
				ASSETCATALOG_COMPILER_APPICON_NAME = AppIcon;
				ASSETCATALOG_COMPILER_GLOBAL_ACCENT_COLOR_NAME = AccentColor;
				CODE_SIGN_STYLE = Automatic;
				DEVELOPMENT_ASSET_PATHS = "\"UI-173/Preview Content\"";
				ENABLE_PREVIEWS = YES;
				INFOPLIST_FILE = "UI-173/Info.plist";
				IPHONEOS_DEPLOYMENT_TARGET = 14.0;
				LD_RUNPATH_SEARCH_PATHS = (
					"$(inherited)",
					"@executable_path/Frameworks",
				);
				PRODUCT_BUNDLE_IDENTIFIER = "com.uzu.UI-173";
				PRODUCT_NAME = "$(TARGET_NAME)";
				SWIFT_VERSION = 5.0;
				TARGETED_DEVICE_FAMILY = "1,2";
			};
			name = Debug;
		};
		67E03D8E263FF4A500A0C306 /* Release */ = {
			isa = XCBuildConfiguration;
			buildSettings = {
				ASSETCATALOG_COMPILER_APPICON_NAME = AppIcon;
				ASSETCATALOG_COMPILER_GLOBAL_ACCENT_COLOR_NAME = AccentColor;
				CODE_SIGN_STYLE = Automatic;
				DEVELOPMENT_ASSET_PATHS = "\"UI-173/Preview Content\"";
				ENABLE_PREVIEWS = YES;
				INFOPLIST_FILE = "UI-173/Info.plist";
				IPHONEOS_DEPLOYMENT_TARGET = 14.0;
				LD_RUNPATH_SEARCH_PATHS = (
					"$(inherited)",
					"@executable_path/Frameworks",
				);
				PRODUCT_BUNDLE_IDENTIFIER = "com.uzu.UI-173";
				PRODUCT_NAME = "$(TARGET_NAME)";
				SWIFT_VERSION = 5.0;
				TARGETED_DEVICE_FAMILY = "1,2";
			};
			name = Release;
		};
/* End XCBuildConfiguration section */

/* Begin XCConfigurationList section */
		67E03D78263FF4A300A0C306 /* Build configuration list for PBXProject "UI-173" */ = {
			isa = XCConfigurationList;
			buildConfigurations = (
				67E03D8A263FF4A500A0C306 /* Debug */,
				67E03D8B263FF4A500A0C306 /* Release */,
			);
			defaultConfigurationIsVisible = 0;
			defaultConfigurationName = Release;
		};
		67E03D8C263FF4A500A0C306 /* Build configuration list for PBXNativeTarget "UI-173" */ = {
			isa = XCConfigurationList;
			buildConfigurations = (
				67E03D8D263FF4A500A0C306 /* Debug */,
				67E03D8E263FF4A500A0C306 /* Release */,
			);
			defaultConfigurationIsVisible = 0;
			defaultConfigurationName = Release;
		};
/* End XCConfigurationList section */
	};
	rootObject = 67E03D75263FF4A300A0C306 /* Project object */;
}
